
Microsoft Visual Studio Solution File, Format Version 12.00
# Visual Studio Version 16
VisualStudioVersion = 16.0.30611.23
MinimumVisualStudioVersion = 10.0.40219.1
Project("{8BC9CEB8-8B4A-11D0-8D11-00A0C91BC942}") = "Ex01.01", "Ex01.01\Ex01.01.vcxproj", "{CD4DE62A-627C-41E9-A91D-4837B29BCC86}"
EndProject
Project("{8BC9CEB8-8B4A-11D0-8D11-00A0C91BC942}") = "Ex01.02", "Ex01.02\Ex01.02.vcxproj", "{1592A5A0-D72A-471D-8CBB-CE267C460B8B}"
EndProject
Project("{8BC9CEB8-8B4A-11D0-8D11-00A0C91BC942}") = "Ex01.03", "Ex01.03\Ex01.03.vcxproj", "{AA7EE01F-7560-43F6-8B65-5222B52459B0}"
EndProject
Project("{8BC9CEB8-8B4A-11D0-8D11-00A0C91BC942}") = "Ex01.04", "Ex01.04\Ex01.04.vcxproj", "{5C52BF21-3096-4EAE-8C94-4BE03A2FC6E7}"
EndProject
Project("{8BC9CEB8-8B4A-11D0-8D11-00A0C91BC942}") = "Ex01.05", "Ex01.05\Ex01.05.vcxproj", "{8107E442-2500-4E8B-A400-31C2F504D1DB}"
EndProject
Project("{8BC9CEB8-8B4A-11D0-8D11-00A0C91BC942}") = "Ex01.06", "Ex01.06\Ex01.06.vcxproj", "{0EB2055B-7C4C-4DC5-9CEB-602D03DFFE84}"
EndProject
Project("{8BC9CEB8-8B4A-11D0-8D11-00A0C91BC942}") = "Ex01.07", "Ex01.07\Ex01.07.vcxproj", "{6E1F861F-5606-47AD-948E-71BA4A10AC00}"
EndProject
Project("{8BC9CEB8-8B4A-11D0-8D11-00A0C91BC942}") = "Ex01.08", "Ex01.08\Ex01.08.vcxproj", "{594265A7-ACDB-47E4-9218-E4CA3A374C30}"
EndProject
Global
	GlobalSection(SolutionConfigurationPlatforms) = preSolution
		Debug|x64 = Debug|x64
		Debug|x86 = Debug|x86
		Release|x64 = Release|x64
		Release|x86 = Release|x86
	EndGlobalSection
	GlobalSection(ProjectConfigurationPlatforms) = postSolution
		{CD4DE62A-627C-41E9-A91D-4837B29BCC86}.Debug|x64.ActiveCfg = Debug|x64
		{CD4DE62A-627C-41E9-A91D-4837B29BCC86}.Debug|x64.Build.0 = Debug|x64
		{CD4DE62A-627C-41E9-A91D-4837B29BCC86}.Debug|x86.ActiveCfg = Debug|Win32
		{CD4DE62A-627C-41E9-A91D-4837B29BCC86}.Debug|x86.Build.0 = Debug|Win32
		{CD4DE62A-627C-41E9-A91D-4837B29BCC86}.Release|x64.ActiveCfg = Release|x64
		{CD4DE62A-627C-41E9-A91D-4837B29BCC86}.Release|x64.Build.0 = Release|x64
		{CD4DE62A-627C-41E9-A91D-4837B29BCC86}.Release|x86.ActiveCfg = Release|Win32
		{CD4DE62A-627C-41E9-A91D-4837B29BCC86}.Release|x86.Build.0 = Release|Win32
		{1592A5A0-D72A-471D-8CBB-CE267C460B8B}.Debug|x64.ActiveCfg = Debug|x64
		{1592A5A0-D72A-471D-8CBB-CE267C460B8B}.Debug|x64.Build.0 = Debug|x64
		{1592A5A0-D72A-471D-8CBB-CE267C460B8B}.Debug|x86.ActiveCfg = Debug|Win32
		{1592A5A0-D72A-471D-8CBB-CE267C460B8B}.Debug|x86.Build.0 = Debug|Win32
		{1592A5A0-D72A-471D-8CBB-CE267C460B8B}.Release|x64.ActiveCfg = Release|x64
		{1592A5A0-D72A-471D-8CBB-CE267C460B8B}.Release|x64.Build.0 = Release|x64
		{1592A5A0-D72A-471D-8CBB-CE267C460B8B}.Release|x86.ActiveCfg = Release|Win32
		{1592A5A0-D72A-471D-8CBB-CE267C460B8B}.Release|x86.Build.0 = Release|Win32
		{AA7EE01F-7560-43F6-8B65-5222B52459B0}.Debug|x64.ActiveCfg = Debug|x64
		{AA7EE01F-7560-43F6-8B65-5222B52459B0}.Debug|x64.Build.0 = Debug|x64
		{AA7EE01F-7560-43F6-8B65-5222B52459B0}.Debug|x86.ActiveCfg = Debug|Win32
		{AA7EE01F-7560-43F6-8B65-5222B52459B0}.Debug|x86.Build.0 = Debug|Win32
		{AA7EE01F-7560-43F6-8B65-5222B52459B0}.Release|x64.ActiveCfg = Release|x64
		{AA7EE01F-7560-43F6-8B65-5222B52459B0}.Release|x64.Build.0 = Release|x64
		{AA7EE01F-7560-43F6-8B65-5222B52459B0}.Release|x86.ActiveCfg = Release|Win32
		{AA7EE01F-7560-43F6-8B65-5222B52459B0}.Release|x86.Build.0 = Release|Win32
		{5C52BF21-3096-4EAE-8C94-4BE03A2FC6E7}.Debug|x64.ActiveCfg = Debug|x64
		{5C52BF21-3096-4EAE-8C94-4BE03A2FC6E7}.Debug|x64.Build.0 = Debug|x64
		{5C52BF21-3096-4EAE-8C94-4BE03A2FC6E7}.Debug|x86.ActiveCfg = Debug|Win32
		{5C52BF21-3096-4EAE-8C94-4BE03A2FC6E7}.Debug|x86.Build.0 = Debug|Win32
		{5C52BF21-3096-4EAE-8C94-4BE03A2FC6E7}.Release|x64.ActiveCfg = Release|x64
		{5C52BF21-3096-4EAE-8C94-4BE03A2FC6E7}.Release|x64.Build.0 = Release|x64
		{5C52BF21-3096-4EAE-8C94-4BE03A2FC6E7}.Release|x86.ActiveCfg = Release|Win32
		{5C52BF21-3096-4EAE-8C94-4BE03A2FC6E7}.Release|x86.Build.0 = Release|Win32
		{8107E442-2500-4E8B-A400-31C2F504D1DB}.Debug|x64.ActiveCfg = Debug|x64
		{8107E442-2500-4E8B-A400-31C2F504D1DB}.Debug|x64.Build.0 = Debug|x64
		{8107E442-2500-4E8B-A400-31C2F504D1DB}.Debug|x86.ActiveCfg = Debug|Win32
		{8107E442-2500-4E8B-A400-31C2F504D1DB}.Debug|x86.Build.0 = Debug|Win32
		{8107E442-2500-4E8B-A400-31C2F504D1DB}.Release|x64.ActiveCfg = Release|x64
		{8107E442-2500-4E8B-A400-31C2F504D1DB}.Release|x64.Build.0 = Release|x64
		{8107E442-2500-4E8B-A400-31C2F504D1DB}.Release|x86.ActiveCfg = Release|Win32
		{8107E442-2500-4E8B-A400-31C2F504D1DB}.Release|x86.Build.0 = Release|Win32
		{0EB2055B-7C4C-4DC5-9CEB-602D03DFFE84}.Debug|x64.ActiveCfg = Debug|x64
		{0EB2055B-7C4C-4DC5-9CEB-602D03DFFE84}.Debug|x64.Build.0 = Debug|x64
		{0EB2055B-7C4C-4DC5-9CEB-602D03DFFE84}.Debug|x86.ActiveCfg = Debug|Win32
		{0EB2055B-7C4C-4DC5-9CEB-602D03DFFE84}.Debug|x86.Build.0 = Debug|Win32
		{0EB2055B-7C4C-4DC5-9CEB-602D03DFFE84}.Release|x64.ActiveCfg = Release|x64
		{0EB2055B-7C4C-4DC5-9CEB-602D03DFFE84}.Release|x64.Build.0 = Release|x64
		{0EB2055B-7C4C-4DC5-9CEB-602D03DFFE84}.Release|x86.ActiveCfg = Release|Win32
		{0EB2055B-7C4C-4DC5-9CEB-602D03DFFE84}.Release|x86.Build.0 = Release|Win32
		{6E1F861F-5606-47AD-948E-71BA4A10AC00}.Debug|x64.ActiveCfg = Debug|x64
		{6E1F861F-5606-47AD-948E-71BA4A10AC00}.Debug|x64.Build.0 = Debug|x64
		{6E1F861F-5606-47AD-948E-71BA4A10AC00}.Debug|x86.ActiveCfg = Debug|Win32
		{6E1F861F-5606-47AD-948E-71BA4A10AC00}.Debug|x86.Build.0 = Debug|Win32
		{6E1F861F-5606-47AD-948E-71BA4A10AC00}.Release|x64.ActiveCfg = Release|x64
		{6E1F861F-5606-47AD-948E-71BA4A10AC00}.Release|x64.Build.0 = Release|x64
		{6E1F861F-5606-47AD-948E-71BA4A10AC00}.Release|x86.ActiveCfg = Release|Win32
		{6E1F861F-5606-47AD-948E-71BA4A10AC00}.Release|x86.Build.0 = Release|Win32
		{594265A7-ACDB-47E4-9218-E4CA3A374C30}.Debug|x64.ActiveCfg = Debug|x64
		{594265A7-ACDB-47E4-9218-E4CA3A374C30}.Debug|x64.Build.0 = Debug|x64
		{594265A7-ACDB-47E4-9218-E4CA3A374C30}.Debug|x86.ActiveCfg = Debug|Win32
		{594265A7-ACDB-47E4-9218-E4CA3A374C30}.Debug|x86.Build.0 = Debug|Win32
		{594265A7-ACDB-47E4-9218-E4CA3A374C30}.Release|x64.ActiveCfg = Release|x64
		{594265A7-ACDB-47E4-9218-E4CA3A374C30}.Release|x64.Build.0 = Release|x64
		{594265A7-ACDB-47E4-9218-E4CA3A374C30}.Release|x86.ActiveCfg = Release|Win32
		{594265A7-ACDB-47E4-9218-E4CA3A374C30}.Release|x86.Build.0 = Release|Win32
	EndGlobalSection
	GlobalSection(SolutionProperties) = preSolution
		HideSolutionNode = FALSE
	EndGlobalSection
	GlobalSection(ExtensibilityGlobals) = postSolution
		SolutionGuid = {EB1E7A5D-99F3-4654-BFA2-1882CE5F0394}
	EndGlobalSection
EndGlobal
